# platform: osx-64
# env_hash: 6da3b75eac8ff6e209027802f4d13e5eee000fa9460499504b4e7ba084ec130f
@EXPLICIT
https://conda.anaconda.org/conda-forge/osx-64/bzip2-1.0.8-h0d85af4_4.tar.bz2#37edc4e6304ca87316e160f5ca0bd1b5
https://conda.anaconda.org/conda-forge/osx-64/c-ares-1.17.1-h0d85af4_1.tar.bz2#786a1af1bc9194e43bb3a9e1ea0146ed
https://conda.anaconda.org/conda-forge/osx-64/ca-certificates-2021.5.30-h033912b_0.tar.bz2#2377a0c58b5ffe92d70b7bdcd833e8ff
https://conda.anaconda.org/conda-forge/osx-64/freexl-1.0.6-h0d85af4_0.tar.bz2#077e147086c0a8ca19071e312a5d12e0
https://conda.anaconda.org/conda-forge/osx-64/giflib-5.2.1-hbcb3906_2.tar.bz2#be8f747c37e4d7e346c133e641966750
https://conda.anaconda.org/conda-forge/osx-64/jbig-2.1-h0d85af4_2003.tar.bz2#4d76d11d3a256931926099498aa3565b
https://conda.anaconda.org/conda-forge/osx-64/jpeg-9d-hbcb3906_0.tar.bz2#ff6fba028f282f94ceb10597d58a56e8
https://conda.anaconda.org/conda-forge/osx-64/json-c-0.15-hcb556a6_0.tar.bz2#be82ba36a7d6ffa646c7c2f510727736
https://conda.anaconda.org/conda-forge/osx-64/jxrlib-1.1-h35c211d_2.tar.bz2#1c2379fd9d5d4ecb151231f6282e699d
https://conda.anaconda.org/conda-forge/osx-64/libcxx-11.1.0-habf9029_0.tar.bz2#a88609e545f948a404419c65cd96fa1a
https://conda.anaconda.org/conda-forge/osx-64/libdeflate-1.7-h35c211d_5.tar.bz2#6608b6a46fd4555b5c83cda6171cc694
https://conda.anaconda.org/conda-forge/osx-64/libev-4.33-haf1e3a3_1.tar.bz2#79dc2be110b2a3d1e97ec21f691c50ad
https://conda.anaconda.org/conda-forge/osx-64/libiconv-1.16-haf1e3a3_0.tar.bz2#c5fab167412a52e491c8e11453ae016f
https://conda.anaconda.org/conda-forge/osx-64/libsodium-1.0.18-hbcb3906_1.tar.bz2#24632c09ed931af617fe6d5292919cab
https://conda.anaconda.org/conda-forge/osx-64/libwebp-base-1.2.0-h0d85af4_2.tar.bz2#a5d807d5f16967981d45d6f33621f580
https://conda.anaconda.org/conda-forge/osx-64/llvm-openmp-11.1.0-hda6cdc1_1.tar.bz2#ca57c0d989dda699ee387581f781e239
https://conda.anaconda.org/conda-forge/osx-64/ncurses-6.2-h2e338ed_4.tar.bz2#9cef1910395d1543527583e73dba30f1
https://conda.anaconda.org/conda-forge/osx-64/pandoc-2.14.0.1-h0d85af4_0.tar.bz2#d3e99917c41670ace6e9fc3407a88e71
https://conda.anaconda.org/conda-forge/osx-64/perl-5.32.1-0_h0d85af4_perl5.tar.bz2#68c078fb92f5adf805cffd4dd1504a41
https://conda.anaconda.org/conda-forge/osx-64/pixman-0.40.0-hbcb3906_0.tar.bz2#09a583a6f172715be21d93aaa1b42d71
https://conda.anaconda.org/conda-forge/noarch/poppler-data-0.4.10-0.tar.bz2#02204e159c8596584135923fd81a2c10
https://conda.anaconda.org/conda-forge/osx-64/tzcode-2021a-h0d85af4_1.tar.bz2#a3ec24006a851c6971726b009cc675c0
https://conda.anaconda.org/conda-forge/noarch/tzdata-2021a-he74cb21_0.tar.bz2#6f36861f102249fc54861ff9343c3fdd
https://conda.anaconda.org/conda-forge/osx-64/xz-5.2.5-haf1e3a3_1.tar.bz2#41116deb499e9bc58048c297d6403ce6
https://conda.anaconda.org/conda-forge/osx-64/yaml-0.2.5-haf1e3a3_0.tar.bz2#84c2fc186995c25a43e86ed708065572
https://conda.anaconda.org/conda-forge/osx-64/zlib-1.2.11-h7795811_1010.tar.bz2#7d39e47e16ed0107f37c7224d5b5be8b
https://conda.anaconda.org/conda-forge/osx-64/blosc-1.21.0-he49afe7_0.tar.bz2#95ea0559c188b34a888d42545c580268
https://conda.anaconda.org/conda-forge/osx-64/brotli-1.0.9-h046ec9c_4.tar.bz2#f278d8e33a74fe98850d835a69be1a71
https://conda.anaconda.org/conda-forge/osx-64/charls-2.2.0-h046ec9c_0.tar.bz2#f685a772dc68f4e469c373a0588e89e4
https://conda.anaconda.org/conda-forge/osx-64/expat-2.4.1-he49afe7_0.tar.bz2#61d8ae52fc518342e6e0891f2d2c4104
https://conda.anaconda.org/conda-forge/osx-64/geos-3.9.1-he49afe7_2.tar.bz2#bd87b3078f6c10345cab62f3f8a6a04e
https://conda.anaconda.org/conda-forge/osx-64/hdf4-4.2.15-hefd3b78_3.tar.bz2#07bbe01a1cabdb9ec0d35524e09f4db4
https://conda.anaconda.org/conda-forge/osx-64/icu-68.1-h74dc148_0.tar.bz2#e4e7f8580abd1275ea2250fe606b66ac
https://conda.anaconda.org/conda-forge/osx-64/lerc-2.2.1-h046ec9c_0.tar.bz2#2b4abd282f644dc51225fa9b90218567
https://conda.anaconda.org/conda-forge/osx-64/libaec-1.0.4-h046ec9c_1.tar.bz2#b573eb14edcd87c201135eedc7057361
https://conda.anaconda.org/conda-forge/osx-64/libedit-3.1.20191231-h0678c8f_2.tar.bz2#6016a8a1d0e63cac3de2c352cd40208b
https://conda.anaconda.org/conda-forge/osx-64/libffi-3.3-h046ec9c_2.tar.bz2#c7a196accaf92d40985d5c9b4d14f9cb
https://conda.anaconda.org/conda-forge/osx-64/libgfortran5-9.3.0-h6c81a4c_22.tar.bz2#15c2a786898e345e3865008236d50799
https://conda.anaconda.org/conda-forge/osx-64/libllvm10-10.0.1-h009f743_3.tar.bz2#cc65eb0b26253d2789320bfd661852f9
https://conda.anaconda.org/conda-forge/osx-64/libpng-1.6.37-h7cec526_2.tar.bz2#9e52521faba2b53269672628d34e1513
https://conda.anaconda.org/conda-forge/osx-64/libzopfli-1.0.3-h046ec9c_0.tar.bz2#55f3f5c9bccca18d33cb3a4bcfe002d7
https://conda.anaconda.org/conda-forge/osx-64/lz4-c-1.9.3-h046ec9c_0.tar.bz2#7f13d69c1b7989b85029efb6f3e35af9
https://conda.anaconda.org/conda-forge/osx-64/openssl-1.1.1k-h0d85af4_0.tar.bz2#f9582eb16f4e3bc7932995e122f30a74
https://conda.anaconda.org/conda-forge/osx-64/pcre-8.44-hb1e8313_0.tar.bz2#e1c1a939ae5ecd32f13db1f742b434e5
https://conda.anaconda.org/conda-forge/osx-64/readline-8.1-h05e3726_0.tar.bz2#2832e9b6a7caa7cb192fcda6cfcd8871
https://conda.anaconda.org/conda-forge/osx-64/snappy-1.1.8-hb1e8313_3.tar.bz2#73b65b3935375b56deb96f6794ed721e
https://conda.anaconda.org/conda-forge/osx-64/tk-8.6.10-h0419947_1.tar.bz2#9a79a432473acddd936ff8bab8b86145
https://conda.anaconda.org/conda-forge/osx-64/zeromq-4.3.4-h1c7c35f_0.tar.bz2#2af55e3523e9210b2b2dff5855fb5382
https://conda.anaconda.org/conda-forge/osx-64/zfp-0.5.5-he49afe7_5.tar.bz2#1f2c4d3111003f2fb010a75969e28959
https://conda.anaconda.org/conda-forge/osx-64/brunsli-0.1-h046ec9c_0.tar.bz2#28d47920c95b85499c9a61994cc49b87
https://conda.anaconda.org/conda-forge/osx-64/freetype-2.10.4-h4cff582_1.tar.bz2#5a136a432c6062362cd7990c514bd8d6
https://conda.anaconda.org/conda-forge/osx-64/gettext-0.19.8.1-h7937167_1005.tar.bz2#52fd84c5cc5d61a6e05885f44d033efa
https://conda.anaconda.org/conda-forge/osx-64/krb5-1.19.1-hcfbf3a7_0.tar.bz2#fed1a9dde05f55e11a5b22b3e07cd72b
https://conda.anaconda.org/conda-forge/osx-64/libgfortran-5.0.0-9_3_0_h6c81a4c_22.tar.bz2#2a96d438e9b3b5ece940211a4259d3e3
https://conda.anaconda.org/conda-forge/osx-64/libnghttp2-1.43.0-h07e645a_0.tar.bz2#b4a9c405d47f3b120ed6cf86cc8a13aa
https://conda.anaconda.org/conda-forge/osx-64/librttopo-1.1.0-h5413771_6.tar.bz2#d9872d8a6a79a806cda67821b61dcfad
https://conda.anaconda.org/conda-forge/osx-64/libssh2-1.9.0-h52ee1ee_6.tar.bz2#42cebefd1fd127d1180e3df004a413b7
https://conda.anaconda.org/conda-forge/osx-64/libxml2-2.9.12-h93ec3fd_0.tar.bz2#3bb7e5cd72ee6520ce6e26600a1283db
https://conda.anaconda.org/conda-forge/osx-64/libzip-1.7.3-hbc046b2_0.tar.bz2#25bc76c05ad0e2ad5807ad880c284932
https://conda.anaconda.org/conda-forge/osx-64/sqlite-3.35.5-h44b9ce1_0.tar.bz2#2c2013573c0ebe9eb400f483de607360
https://conda.anaconda.org/conda-forge/osx-64/xerces-c-3.2.3-h379762d_2.tar.bz2#6e2e329eab8a50d64f841331f4de0468
https://conda.anaconda.org/conda-forge/osx-64/zstd-1.5.0-h582d3a0_0.tar.bz2#96a04eeb0146059f0c2d63491f77d6d0
https://conda.anaconda.org/conda-forge/osx-64/boost-cpp-1.74.0-hff03dee_4.tar.bz2#7c49bc0e1d27a21ef936d27b4a849370
https://conda.anaconda.org/conda-forge/osx-64/fontconfig-2.13.1-h10f422b_1005.tar.bz2#95d7756fee0926aa2b6d111299c173f7
https://conda.anaconda.org/conda-forge/osx-64/libcurl-7.77.0-hf45b732_0.tar.bz2#e37c0b30ad5c633cae6464040655acd1
https://conda.anaconda.org/conda-forge/osx-64/libglib-2.68.3-hd556434_0.tar.bz2#75e9aaa254bbf5173c3ea50ff72dc5bc
https://conda.anaconda.org/conda-forge/osx-64/libopenblas-0.3.15-openmp_h5e1b9a4_1.tar.bz2#df1dd059a5754ae66b26755d9edd3037
https://conda.anaconda.org/conda-forge/osx-64/libpq-13.3-hea3049e_0.tar.bz2#3966f7b8c30ec619a44a8d570c6a4023
https://conda.anaconda.org/conda-forge/osx-64/libtiff-4.3.0-h1167814_1.tar.bz2#f189eeda45133c4f5cd73a8e7ebb7019
https://conda.anaconda.org/conda-forge/osx-64/python-3.7.10-h7728216_100_cpython.tar.bz2#ba448dbd4b06c0776981a37a09786f1a
https://conda.anaconda.org/conda-forge/osx-64/tiledb-2.2.9-h8370e7a_1.tar.bz2#888f051028acd7145629acdacee515e9
https://conda.anaconda.org/conda-forge/noarch/appdirs-1.4.4-pyh9f0ad1d_0.tar.bz2#5f095bc6454094e96f146491fd03633b
https://conda.anaconda.org/conda-forge/noarch/asciitree-0.3.3-py_2.tar.bz2#c0481c9de49f040272556e2cedf42816
https://conda.anaconda.org/conda-forge/noarch/async_generator-1.10-py_0.tar.bz2#d56c596e61b1c4952acf0a9920856c12
https://conda.anaconda.org/conda-forge/noarch/attrs-21.2.0-pyhd8ed1ab_0.tar.bz2#d2e1c7f388ac403df7079b411c37cc50
https://conda.anaconda.org/conda-forge/noarch/backcall-0.2.0-pyh9f0ad1d_0.tar.bz2#6006a6d08a3fa99268a2681c7fb55213
https://conda.anaconda.org/conda-forge/noarch/backports-1.0-py_2.tar.bz2#0da16b293affa6ac31812376f8eb79dd
https://conda.anaconda.org/conda-forge/noarch/cached_property-1.5.2-pyha770c72_1.tar.bz2#576d629e47797577ab0f1b351297ef4a
https://conda.anaconda.org/conda-forge/osx-64/cairo-1.16.0-he43a7df_1008.tar.bz2#9a7c5be2c238f69157979bd1987bac82
https://conda.anaconda.org/conda-forge/osx-64/cfitsio-3.470-h01dc385_7.tar.bz2#7f3e6254480eeccf854238807b1798d9
https://conda.anaconda.org/conda-forge/noarch/click-7.1.2-pyh9f0ad1d_0.tar.bz2#bd50a970ce07e660c319fdc4d730d3f1
https://conda.anaconda.org/conda-forge/noarch/cloudpickle-1.6.0-py_0.tar.bz2#76d764d8881719e305f6fa368dc2b65e
https://conda.anaconda.org/conda-forge/osx-64/curl-7.77.0-hb861fe1_0.tar.bz2#bef6ebb9f95587e79e0cc281188e45c3
https://conda.anaconda.org/conda-forge/noarch/decorator-5.0.9-pyhd8ed1ab_0.tar.bz2#0ae9cca42e37b5ce6267c2a2b1383546
https://conda.anaconda.org/conda-forge/noarch/defusedxml-0.7.1-pyhd8ed1ab_0.tar.bz2#961b3a227b437d82ad7054484cfa71b2
https://conda.anaconda.org/conda-forge/noarch/entrypoints-0.3-pyhd8ed1ab_1003.tar.bz2#bbf9a201f6ce99a506f4955374d9a9f4
https://conda.anaconda.org/conda-forge/noarch/fsspec-2021.6.0-pyhd8ed1ab_0.tar.bz2#2568dbadce6148e58a9148de2c16a042
https://conda.anaconda.org/conda-forge/osx-64/hdf5-1.10.6-nompi_hc5d9132_1114.tar.bz2#b7f592b79c2c97646a6c7f874b0db33a
https://conda.anaconda.org/conda-forge/noarch/heapdict-1.0.1-py_0.tar.bz2#77242bfb1e74a627fb06319b5a2d3b95
https://conda.anaconda.org/conda-forge/noarch/idna-2.10-pyh9f0ad1d_0.tar.bz2#f95a12b4f435aae6680fe55ae2eb1b06
https://conda.anaconda.org/conda-forge/noarch/ipython_genutils-0.2.0-py_1.tar.bz2#5071c982548b3a20caf70462f04f5287
https://conda.anaconda.org/conda-forge/noarch/jupyterlab_widgets-1.0.0-pyhd8ed1ab_1.tar.bz2#f8da92114c8fbe1d951b0efaf54dd14b
https://conda.anaconda.org/conda-forge/osx-64/lcms2-2.12-h577c468_0.tar.bz2#abce77b852b73670e85e104746b0ea1b
https://conda.anaconda.org/conda-forge/osx-64/libblas-3.9.0-9_openblas.tar.bz2#18bd6d171a80f1fefbad09cfda003840
https://conda.anaconda.org/conda-forge/osx-64/libkml-1.3.0-h8fd9edb_1013.tar.bz2#422f4621e74a9ebff7cc68883f78e283
https://conda.anaconda.org/conda-forge/noarch/locket-0.2.0-py_2.tar.bz2#709e8671651c7ec3d1ad07800339ff1d
https://conda.anaconda.org/conda-forge/noarch/monotonic-1.5-py_0.tar.bz2#0cc5fd0140497c3f1e2db2e7493b62b3
https://conda.anaconda.org/conda-forge/noarch/nest-asyncio-1.5.1-pyhd8ed1ab_0.tar.bz2#47a51a5b8f9cc41004c8d7bd88b62447
https://conda.anaconda.org/conda-forge/noarch/olefile-0.46-pyh9f0ad1d_1.tar.bz2#0b2e68acc8c78c8cc392b90983481f58
https://conda.anaconda.org/conda-forge/osx-64/openjpeg-2.4.0-h6e7aa92_1.tar.bz2#c8cbb6d99f6467246ac26a139256e50f
https://conda.anaconda.org/conda-forge/noarch/pandocfilters-1.4.2-py_1.tar.bz2#ba6f4a308f1ea22abe1d72e72544af76
https://conda.anaconda.org/conda-forge/noarch/parso-0.8.2-pyhd8ed1ab_0.tar.bz2#fb40b157bd62b457a1cc82527b63f0b0
https://conda.anaconda.org/conda-forge/noarch/pickleshare-0.7.5-py_1003.tar.bz2#415f0ebb6198cc2801c73438a9fb5761
https://conda.anaconda.org/conda-forge/osx-64/postgresql-13.3-he8fe76e_0.tar.bz2#a234e92152961be2d30ce66c6bb82c70
https://conda.anaconda.org/conda-forge/osx-64/proj-8.0.1-h1512c50_0.tar.bz2#ce1106ad33e98acc51dd64f3d6f8a3f1
https://conda.anaconda.org/conda-forge/noarch/prometheus_client-0.11.0-pyhd8ed1ab_0.tar.bz2#01f530bf82d9f589c2087b8c347d5e29
https://conda.anaconda.org/conda-forge/noarch/ptyprocess-0.7.0-pyhd3deb0d_0.tar.bz2#359eeb6536da0e687af562ed265ec263
https://conda.anaconda.org/conda-forge/noarch/pycparser-2.20-pyh9f0ad1d_2.tar.bz2#aa798d50ffd182a0f6f31478c7f434f6
https://conda.anaconda.org/conda-forge/noarch/pyparsing-2.4.7-pyh9f0ad1d_0.tar.bz2#626c4f20d5bf06dcec9cf2eaa31725c7
https://conda.anaconda.org/conda-forge/osx-64/python_abi-3.7-1_cp37m.tar.bz2#d2cb192f8948ea603927a71f015574dd
https://conda.anaconda.org/conda-forge/noarch/pytz-2021.1-pyhd8ed1ab_0.tar.bz2#3af2e9424d5eb0063824a3f9b850d411
https://conda.anaconda.org/conda-forge/noarch/send2trash-1.5.0-py_0.tar.bz2#c3779037a635e1150f1c53c28b875949
https://conda.anaconda.org/conda-forge/noarch/six-1.16.0-pyh6c4a22f_0.tar.bz2#e5f25f8dbc060e9a8d912e432202afc2
https://conda.anaconda.org/conda-forge/noarch/sortedcontainers-2.4.0-pyhd8ed1ab_0.tar.bz2#6d6552722448103793743dabfbda532d
https://conda.anaconda.org/conda-forge/noarch/tblib-1.7.0-pyhd8ed1ab_0.tar.bz2#3d4afc31302aa7be471feb6be048ed76
https://conda.anaconda.org/conda-forge/noarch/testpath-0.5.0-pyhd8ed1ab_0.tar.bz2#53b57d6a468bebc7cef1253b177a5e9e
https://conda.anaconda.org/conda-forge/noarch/threadpoolctl-2.1.0-pyh5ca1d4c_0.tar.bz2#9eb32b63458380aa3804de519b6e5749
https://conda.anaconda.org/conda-forge/noarch/toolz-0.11.1-py_0.tar.bz2#d1e66b58cb00b3817ad9f05eec098c00
https://conda.anaconda.org/conda-forge/noarch/typing_extensions-3.10.0.0-pyha770c72_0.tar.bz2#67c0cba6533b641f28946d7c16f361c8
https://conda.anaconda.org/conda-forge/noarch/webencodings-0.5.1-py_1.tar.bz2#3563be4c5611a44210d9ba0c16113136
https://conda.anaconda.org/conda-forge/noarch/wheel-0.36.2-pyhd3deb0d_0.tar.bz2#768bfbe026426d0e76b377997d1f2b98
https://conda.anaconda.org/conda-forge/noarch/zipp-3.4.1-pyhd8ed1ab_0.tar.bz2#a4fa30eb74a326092b3d8078b1f1aae1
https://conda.anaconda.org/conda-forge/osx-64/appnope-0.1.2-py37hf985489_1.tar.bz2#1bee6125d3ade317803d5358ea3f0e83
https://conda.anaconda.org/conda-forge/noarch/cached-property-1.5.2-hd8ed1ab_1.tar.bz2#9b347a7ec10940d3f7941ff6c460b551
https://conda.anaconda.org/conda-forge/osx-64/certifi-2021.5.30-py37hf985489_0.tar.bz2#0be45059d18a95220573963524676b1a
https://conda.anaconda.org/conda-forge/osx-64/cffi-1.14.5-py37h4d371b4_0.tar.bz2#fe873b3f987f3e9203bb4165197a1281
https://conda.anaconda.org/conda-forge/osx-64/chardet-4.0.0-py37hf985489_1.tar.bz2#212f48113f4aa416eb58404fbece967b
https://conda.anaconda.org/conda-forge/noarch/click-plugins-1.1.1-py_0.tar.bz2#4fd2c6b53934bd7d96d1f3fdaf99b79f
https://conda.anaconda.org/conda-forge/noarch/cligj-0.7.2-pyhd8ed1ab_0.tar.bz2#201a66fe570d09faf90bb1ba90070d61
https://conda.anaconda.org/conda-forge/noarch/cycler-0.10.0-py_2.tar.bz2#f6d7c7e6d8f42cbbec7e07a8d879f91c
https://conda.anaconda.org/conda-forge/osx-64/cytoolz-0.11.0-py37hf967b71_3.tar.bz2#476be4e1c4643e52eb01bba3f95fe4f8
https://conda.anaconda.org/conda-forge/noarch/fasteners-0.16-pyhd8ed1ab_0.tar.bz2#8ecec38560a2613704aa01882a8a48c5
https://conda.anaconda.org/conda-forge/osx-64/geotiff-1.6.0-h26421ea_6.tar.bz2#dfc8e482c1327a8577066c646b2facba
https://conda.anaconda.org/conda-forge/osx-64/git-2.30.2-pl5320h2551975_1.tar.bz2#3ee4923615b13b0726ddec8608277e9e
https://conda.anaconda.org/conda-forge/osx-64/importlib-metadata-4.5.0-py37hf985489_0.tar.bz2#230b7a8b7757261f04a3d347378ef582
https://conda.anaconda.org/conda-forge/osx-64/jedi-0.18.0-py37hf985489_2.tar.bz2#8cf41e3992c9d1ae8549dfaf03d4bc14
https://conda.anaconda.org/conda-forge/osx-64/kealib-1.4.14-h31dd65d_2.tar.bz2#a6748170c0d1444fb46a330d2553ca3e
https://conda.anaconda.org/conda-forge/osx-64/kiwisolver-1.3.1-py37h70f7d40_1.tar.bz2#2b3639e4db0eab6a502a11ff8ca9a1e8
https://conda.anaconda.org/conda-forge/osx-64/libcblas-3.9.0-9_openblas.tar.bz2#29ce1ba7a9eb9aff4f65fa9e63d89c81
https://conda.anaconda.org/conda-forge/osx-64/libdap4-3.20.6-h3e144a0_2.tar.bz2#55e0706347eb18f3616808366236bcaa
https://conda.anaconda.org/conda-forge/osx-64/liblapack-3.9.0-9_openblas.tar.bz2#4864f19fafd76c5ac7771f4942682bc1
https://conda.anaconda.org/conda-forge/osx-64/libnetcdf-4.8.0-nompi_hb4d10b0_103.tar.bz2#46aaba1e7132caaf47d6c0061a2be026
https://conda.anaconda.org/conda-forge/osx-64/libspatialite-5.0.1-h035f608_5.tar.bz2#a01d028b9216d84aab08c3e4fb28732c
https://conda.anaconda.org/conda-forge/osx-64/llvmlite-0.36.0-py37h62ea057_0.tar.bz2#29b97546521cad2c06c0a4b44f4f3917
https://conda.anaconda.org/conda-forge/osx-64/markupsafe-2.0.1-py37h271585c_0.tar.bz2#e3488847e5c3bba390401e73a820a0d6
https://conda.anaconda.org/conda-forge/osx-64/mistune-0.8.4-py37hf967b71_1003.tar.bz2#0774ff87ae140bb568ac2b0a35ea31ec
https://conda.anaconda.org/conda-forge/osx-64/msgpack-python-1.0.2-py37h70f7d40_1.tar.bz2#fd3404efec845fc1aba62efbac9302c3
https://conda.anaconda.org/conda-forge/noarch/packaging-20.9-pyh44b312d_0.tar.bz2#be69a38e912054a62dc82cc3c7711a64
https://conda.anaconda.org/conda-forge/noarch/partd-1.2.0-pyhd8ed1ab_0.tar.bz2#0c32f563d7f22e3a34c95cad8cc95651
https://conda.anaconda.org/conda-forge/noarch/pexpect-4.8.0-pyh9f0ad1d_2.tar.bz2#5909e7b978141dd80d28dbf9de627827
https://conda.anaconda.org/conda-forge/osx-64/pillow-8.2.0-py37hd4e48bc_1.tar.bz2#1ea078a5834fff734ac3723dedb4429e
https://conda.anaconda.org/conda-forge/osx-64/poppler-21.03.0-h640f9a4_0.tar.bz2#c1a79578541505033cebbc1788ba9f74
https://conda.anaconda.org/conda-forge/osx-64/psutil-5.8.0-py37h271585c_1.tar.bz2#35d263c1450238f58a6f25a779762cf8
https://conda.anaconda.org/conda-forge/osx-64/pyrsistent-0.17.3-py37hf967b71_2.tar.bz2#a73a5df626e453d48b4454b8e0d535b2
https://conda.anaconda.org/conda-forge/osx-64/pysocks-1.7.1-py37hf985489_3.tar.bz2#02bf224638f91b6b695fec5de6bbd860
https://conda.anaconda.org/conda-forge/noarch/python-dateutil-2.8.1-py_0.tar.bz2#0d0150ed9c2d25817f5324108d3f7571
https://conda.anaconda.org/conda-forge/osx-64/pyyaml-5.4.1-py37hf967b71_0.tar.bz2#3c96ec4a68120ccee37cda33192381a0
https://conda.anaconda.org/conda-forge/osx-64/pyzmq-22.1.0-py37h8f778e5_0.tar.bz2#ec3b55d40d93cfa60ce036c32635aea6
https://conda.anaconda.org/conda-forge/noarch/retrying-1.3.3-py_2.tar.bz2#a11f356d6f93b74b4a84e9501afd48b4
https://conda.anaconda.org/conda-forge/osx-64/tornado-6.1-py37hf967b71_1.tar.bz2#b2ae53e0e2bfded281be471b4391cfdf
https://conda.anaconda.org/conda-forge/noarch/traitlets-5.0.5-py_0.tar.bz2#99618ee9ab1323e40f231acdab92fe60
https://conda.anaconda.org/conda-forge/noarch/zict-2.0.0-py_0.tar.bz2#4750152be22f24d695b3004c5e1712d3
https://conda.anaconda.org/conda-forge/osx-64/argon2-cffi-20.1.0-py37hf967b71_2.tar.bz2#4548b36af838ff2f9a0cc021348890f3
https://conda.anaconda.org/conda-forge/osx-64/brotlipy-0.7.0-py37hf967b71_1001.tar.bz2#2e1016af5a81ba9e50d8bd25bf82b352
https://conda.anaconda.org/conda-forge/osx-64/cryptography-3.4.7-py37hce4a858_0.tar.bz2#3d8dba99e6bba580b947da6daf8b1d94
https://conda.anaconda.org/conda-forge/noarch/dask-core-2021.6.0-pyhd8ed1ab_0.tar.bz2#cea7be7ed76c4664498447ef35d2268c
https://conda.anaconda.org/conda-forge/noarch/jinja2-3.0.1-pyhd8ed1ab_0.tar.bz2#c647e77921fd3e245cdcc5b2d451a0f8
https://conda.anaconda.org/conda-forge/osx-64/jupyter_core-4.7.1-py37hf985489_0.tar.bz2#a49ae78b4a221744cca02dfed08a990f
https://conda.anaconda.org/conda-forge/osx-64/libgdal-3.2.2-hd85aa46_6.tar.bz2#23c0c41657736be968fb4103216ecfad
https://conda.anaconda.org/conda-forge/noarch/matplotlib-inline-0.1.2-pyhd8ed1ab_2.tar.bz2#0967e1db58b16e416464ca399f87df79
https://conda.anaconda.org/conda-forge/osx-64/numpy-1.20.3-py37h84c02c4_1.tar.bz2#c3e72eed696139a14a2965644f6fa8dd
https://conda.anaconda.org/conda-forge/osx-64/setuptools-49.6.0-py37hf985489_3.tar.bz2#5030dea82548d67ec8b80882e8e4a099
https://conda.anaconda.org/conda-forge/osx-64/terminado-0.10.1-py37hf985489_0.tar.bz2#bb39a6064c6503dafa3268f7721e072c
https://conda.anaconda.org/conda-forge/noarch/backports.functools_lru_cache-1.6.4-pyhd8ed1ab_0.tar.bz2#c5b3edc62d6309088f4970b3eaaa65a6
https://conda.anaconda.org/conda-forge/noarch/bleach-3.3.0-pyh44b312d_0.tar.bz2#abf6b76c39358ca36ca706c46f054f2a
https://conda.anaconda.org/conda-forge/osx-64/bokeh-2.3.2-py37hf985489_0.tar.bz2#823e93c0b7f68cb9191ad77063a15e8a
https://conda.anaconda.org/conda-forge/osx-64/distributed-2021.6.0-py37hf985489_0.tar.bz2#7e8584890634c632a02fb2a77a50032e
https://conda.anaconda.org/conda-forge/osx-64/gdal-3.2.2-py37hba6e793_6.tar.bz2#ce8de985f2b1a632935659dc8255b820
https://conda.anaconda.org/conda-forge/osx-64/h5py-3.2.1-nompi_py37hdf859c4_100.tar.bz2#081f72fadb0357015761f25220b1600f
https://conda.anaconda.org/conda-forge/osx-64/imagecodecs-2021.3.31-py37h2d96dd8_1.tar.bz2#d4f8c78fa83c91f86f56914c17f25229
https://conda.anaconda.org/conda-forge/noarch/imageio-2.9.0-py_0.tar.bz2#62ad9e579278e777d4abaa8c9312b6a7
https://conda.anaconda.org/conda-forge/noarch/joblib-1.0.1-pyhd8ed1ab_0.tar.bz2#27d5ed1aaf2bbb5a0cc307a12d8e032f
https://conda.anaconda.org/conda-forge/noarch/jsonschema-3.2.0-pyhd8ed1ab_3.tar.bz2#66125e28711d8ffc04a207a2b170316d
https://conda.anaconda.org/conda-forge/noarch/jupyter_client-6.1.12-pyhd8ed1ab_0.tar.bz2#f58b38ddb9f94fa3cafea4ba2b17f93b
https://conda.anaconda.org/conda-forge/osx-64/matplotlib-base-3.4.2-py37hb018525_0.tar.bz2#fdf1cc07ec60ccade0511aeb083bcf41
https://conda.anaconda.org/conda-forge/noarch/munch-2.5.0-py_0.tar.bz2#31d9e9be500e25ff0050bc9f57a6bcd7
https://conda.anaconda.org/conda-forge/noarch/networkx-2.3-py_0.tar.bz2#1c816d18df2389a9e59e44c6f2bec757
https://conda.anaconda.org/conda-forge/osx-64/numba-0.53.1-py37h2c728cf_0.tar.bz2#ca41b54eb5a068216b1122fa19619e90
https://conda.anaconda.org/conda-forge/osx-64/numcodecs-0.7.3-py37hd8d24ac_0.tar.bz2#afe2a42b2c9b0963e137f718177b57c8
https://conda.anaconda.org/conda-forge/osx-64/pandas-1.2.4-py37hb23ed4d_0.tar.bz2#a88a01be315919f1a27be6379213fbd4
https://conda.anaconda.org/conda-forge/noarch/pip-21.1.2-pyhd8ed1ab_0.tar.bz2#dbd830edaffe5fc9ae6c1d425db2b5f2
https://conda.anaconda.org/conda-forge/noarch/plotly-4.14.3-pyh44b312d_0.tar.bz2#9526a7740d7abe3e1592d35798b168c5
https://conda.anaconda.org/conda-forge/noarch/pygments-2.9.0-pyhd8ed1ab_0.tar.bz2#a2d9bba43c9b80a42b0ccb9afd7223c2
https://conda.anaconda.org/conda-forge/noarch/pyopenssl-20.0.1-pyhd8ed1ab_0.tar.bz2#92371c25994d0f5d28a01c1fb75ebf86
https://conda.anaconda.org/conda-forge/osx-64/pywavelets-1.1.1-py37h37391d0_3.tar.bz2#1432c6ff1237725121ad82373480648c
https://conda.anaconda.org/conda-forge/osx-64/scipy-1.6.3-py37h866764c_0.tar.bz2#7532a6913961686990ca736ae5b65d4c
https://conda.anaconda.org/conda-forge/osx-64/shapely-1.7.1-py37h8e0fcb3_5.tar.bz2#a9106000aa7e7a846d0cfcb27b4dbda0
https://conda.anaconda.org/conda-forge/noarch/dask-2021.6.0-pyhd8ed1ab_0.tar.bz2#554ef426ff0ef06641338b7a514d6354
https://conda.anaconda.org/conda-forge/osx-64/discretize-0.7.0-py37h5e312ef_0.tar.bz2#2358044db265a14972b8a837ed839bf6
https://conda.anaconda.org/conda-forge/noarch/empymod-2.1.0-pyhd8ed1ab_0.tar.bz2#cbfec936085773a8dde5488b18ae1bcb
https://conda.anaconda.org/conda-forge/osx-64/fiona-1.8.20-py37hd03ceb2_0.tar.bz2#6638bea88a668d42ec369b8d5b201fa6
https://conda.anaconda.org/conda-forge/noarch/jupyterlab_pygments-0.1.2-pyh9f0ad1d_0.tar.bz2#2cbd910890bb328e8959246a1e16fac7
https://conda.anaconda.org/conda-forge/osx-64/matplotlib-3.4.2-py37hf985489_0.tar.bz2#37b1833a741e6b0150876bf0d9be8c3a
https://conda.anaconda.org/conda-forge/noarch/nbformat-5.1.3-pyhd8ed1ab_0.tar.bz2#bafa5df6d4f8db69a4d197b4657127e7
https://conda.anaconda.org/conda-forge/osx-64/scikit-learn-0.24.2-py37h11db1d0_0.tar.bz2#3e96d898e81ad7989d39cf010b08177d
https://conda.anaconda.org/conda-forge/noarch/tifffile-2021.4.8-pyhd8ed1ab_0.tar.bz2#aff99c035e8265b23f52955865727579
https://conda.anaconda.org/conda-forge/noarch/urllib3-1.26.5-pyhd8ed1ab_0.tar.bz2#36f0ca66d6dd09423e5c2551148d45cd
https://conda.anaconda.org/conda-forge/noarch/wcwidth-0.2.5-pyh9f0ad1d_2.tar.bz2#5266fcd697043c59621fda522b3d78ee
https://conda.anaconda.org/conda-forge/noarch/xarray-0.18.2-pyhd8ed1ab_0.tar.bz2#379c1f2f90ff675742426373a81e5552
https://conda.anaconda.org/conda-forge/noarch/zarr-2.8.3-pyhd8ed1ab_0.tar.bz2#49bc40cafcc406b9d8a39a2f97f217a4
https://conda.anaconda.org/conda-forge/noarch/nbclient-0.5.3-pyhd8ed1ab_0.tar.bz2#67f12831640fde52fe9be1bbc6b699e7
https://conda.anaconda.org/conda-forge/noarch/prompt-toolkit-3.0.18-pyha770c72_0.tar.bz2#aa44d0f71016061e83df1126764acdb7
https://conda.anaconda.org/conda-forge/noarch/requests-2.25.1-pyhd3deb0d_0.tar.bz2#ae687aba31a1c400192a86a2e993ffdc
https://conda.anaconda.org/conda-forge/osx-64/ipython-7.24.1-py37h85f7c60_0.tar.bz2#983116b27154bf14a8fd3ae2f047383d
https://conda.anaconda.org/conda-forge/osx-64/nbconvert-6.0.7-py37hf985489_3.tar.bz2#cbf915c9d112392238f5ecc98555e132
https://conda.anaconda.org/conda-forge/noarch/pooch-1.4.0-pyhd8ed1ab_0.tar.bz2#ac1a05fdf13be824cc764eddac0dde9c
https://conda.anaconda.org/conda-forge/osx-64/ipykernel-5.5.5-py37h85f7c60_0.tar.bz2#dd29ff835f136f28531c098a182aa453
https://conda.anaconda.org/conda-forge/osx-64/scikit-image-0.18.1-py37h010c265_0.tar.bz2#8e3094a35b193365363c5ed45e30001d
https://conda.anaconda.org/conda-forge/noarch/notebook-6.4.0-pyha770c72_0.tar.bz2#1edbf3ee7482e201e572db0211e17f30
https://conda.anaconda.org/conda-forge/osx-64/widgetsnbextension-3.5.1-py37hf985489_4.tar.bz2#6d710b69d390deed8dbf74c8b60e3f09
https://conda.anaconda.org/conda-forge/noarch/ipywidgets-7.6.3-pyhd3deb0d_0.tar.bz2#536a9ed6d9e740f2b83d1a3c388e4388
https://conda.anaconda.org/conda-forge/noarch/ipyfilechooser-0.4.3-pyhd8ed1ab_0.tar.bz2#1cba1ecbf014385e47ffe55695ac3ae4
